<Solution>
  <Folder Name="/src/">
    <Project Path="src/Secure.Sbom.Cli/Secure.Sbom.Cli.csproj" />
    <Project Path="src/Secure.Sbom.Core/Secure.Sbom.Core.csproj" />
  </Folder>
  <Folder Name="/tests/">
    <Project Path="tests/Secure.Sbom.Cli.Tests/Secure.Sbom.Cli.Tests.csproj" />
    <Project Path="tests/Secure.Sbom.Core.Tests/Secure.Sbom.Core.Tests.csproj" />
    <Project Path="tests/Secure.Sbom.Integration.Tests/Secure.Sbom.Integration.Tests.csproj" />
  </Folder>
</Solution>
